
Microsoft Visual Studio Solution File, Format Version 12.00
# Visual Studio Version 17
VisualStudioVersion = 17.5.33424.131
MinimumVisualStudioVersion = 10.0.40219.1
Project("{FAE04EC0-301F-11D3-BF4B-00C04F79EFBC}") = "aulacontas", "aulacontas\aulacontas.csproj", "{8954856B-0ABE-4F1D-9297-817572BDF27B}"
EndProject
Global
	GlobalSection(SolutionConfigurationPlatforms) = preSolution
		Debug|Any CPU = Debug|Any CPU
		Release|Any CPU = Release|Any CPU
	EndGlobalSection
	GlobalSection(ProjectConfigurationPlatforms) = postSolution
		{8954856B-0ABE-4F1D-9297-817572BDF27B}.Debug|Any CPU.ActiveCfg = Debug|Any CPU
		{8954856B-0ABE-4F1D-9297-817572BDF27B}.Debug|Any CPU.Build.0 = Debug|Any CPU
		{8954856B-0ABE-4F1D-9297-817572BDF27B}.Release|Any CPU.ActiveCfg = Release|Any CPU
		{8954856B-0ABE-4F1D-9297-817572BDF27B}.Release|Any CPU.Build.0 = Release|Any CPU
	EndGlobalSection
	GlobalSection(SolutionProperties) = preSolution
		HideSolutionNode = FALSE
	EndGlobalSection
	GlobalSection(ExtensibilityGlobals) = postSolution
		SolutionGuid = {AD4A49FD-9561-4C7B-9AC4-55BB09B68705}
	EndGlobalSection
EndGlobal
