
Microsoft Visual Studio Solution File, Format Version 12.00
# Visual Studio Version 17
VisualStudioVersion = 17.5.33424.131
MinimumVisualStudioVersion = 10.0.40219.1
Project("{FAE04EC0-301F-11D3-BF4B-00C04F79EFBC}") = "ex22", "ex22\ex22.csproj", "{718A3389-C684-4EFB-8181-059669385007}"
EndProject
Global
	GlobalSection(SolutionConfigurationPlatforms) = preSolution
		Debug|Any CPU = Debug|Any CPU
		Release|Any CPU = Release|Any CPU
	EndGlobalSection
	GlobalSection(ProjectConfigurationPlatforms) = postSolution
		{718A3389-C684-4EFB-8181-059669385007}.Debug|Any CPU.ActiveCfg = Debug|Any CPU
		{718A3389-C684-4EFB-8181-059669385007}.Debug|Any CPU.Build.0 = Debug|Any CPU
		{718A3389-C684-4EFB-8181-059669385007}.Release|Any CPU.ActiveCfg = Release|Any CPU
		{718A3389-C684-4EFB-8181-059669385007}.Release|Any CPU.Build.0 = Release|Any CPU
	EndGlobalSection
	GlobalSection(SolutionProperties) = preSolution
		HideSolutionNode = FALSE
	EndGlobalSection
	GlobalSection(ExtensibilityGlobals) = postSolution
		SolutionGuid = {3DDE6DC7-E2F5-4ABC-85C2-A19306B9AADE}
	EndGlobalSection
EndGlobal
