
Microsoft Visual Studio Solution File, Format Version 12.00
# Visual Studio Version 17
VisualStudioVersion = 17.5.33424.131
MinimumVisualStudioVersion = 10.0.40219.1
Project("{FAE04EC0-301F-11D3-BF4B-00C04F79EFBC}") = "Modelos", "Modelos\Modelos.csproj", "{053B8EED-949D-4AB3-8F4E-D2F672CFE735}"
EndProject
Global
	GlobalSection(SolutionConfigurationPlatforms) = preSolution
		Debug|Any CPU = Debug|Any CPU
		Release|Any CPU = Release|Any CPU
	EndGlobalSection
	GlobalSection(ProjectConfigurationPlatforms) = postSolution
		{053B8EED-949D-4AB3-8F4E-D2F672CFE735}.Debug|Any CPU.ActiveCfg = Release|Any CPU
		{053B8EED-949D-4AB3-8F4E-D2F672CFE735}.Debug|Any CPU.Build.0 = Release|Any CPU
		{053B8EED-949D-4AB3-8F4E-D2F672CFE735}.Release|Any CPU.ActiveCfg = Release|Any CPU
		{053B8EED-949D-4AB3-8F4E-D2F672CFE735}.Release|Any CPU.Build.0 = Release|Any CPU
	EndGlobalSection
	GlobalSection(SolutionProperties) = preSolution
		HideSolutionNode = FALSE
	EndGlobalSection
	GlobalSection(ExtensibilityGlobals) = postSolution
		SolutionGuid = {110AD556-B535-4F59-AF3C-7F4481EF508C}
	EndGlobalSection
EndGlobal
